
Microsoft Visual Studio Solution File, Format Version 12.00
# Visual Studio Version 17
VisualStudioVersion = 17.11.35219.272
MinimumVisualStudioVersion = 10.0.40219.1
Project("{FAE04EC0-301F-11D3-BF4B-00C04F79EFBC}") = "Goran Nadiri FitTrack Hemuppgift Elite", "Goran Nadiri FitTrack Hemuppgift Elite\Goran Nadiri FitTrack Hemuppgift Elite.csproj", "{4E07DF01-546B-42D4-AE7E-A22DFFFB723F}"
EndProject
Global
	GlobalSection(SolutionConfigurationPlatforms) = preSolution
		Debug|Any CPU = Debug|Any CPU
		Release|Any CPU = Release|Any CPU
	EndGlobalSection
	GlobalSection(ProjectConfigurationPlatforms) = postSolution
		{4E07DF01-546B-42D4-AE7E-A22DFFFB723F}.Debug|Any CPU.ActiveCfg = Debug|Any CPU
		{4E07DF01-546B-42D4-AE7E-A22DFFFB723F}.Debug|Any CPU.Build.0 = Debug|Any CPU
		{4E07DF01-546B-42D4-AE7E-A22DFFFB723F}.Release|Any CPU.ActiveCfg = Release|Any CPU
		{4E07DF01-546B-42D4-AE7E-A22DFFFB723F}.Release|Any CPU.Build.0 = Release|Any CPU
	EndGlobalSection
	GlobalSection(SolutionProperties) = preSolution
		HideSolutionNode = FALSE
	EndGlobalSection
	GlobalSection(ExtensibilityGlobals) = postSolution
		SolutionGuid = {ED95D072-7FA2-4F2D-A76E-7EF69EB848D0}
	EndGlobalSection
EndGlobal
